{
  "nodes": {
    "abseil-src": {
      "flake": false,
      "locked": {
        "lastModified": 1722535511,
        "narHash": "sha256-51jpDhdZ0n+KLmxh8KVaTz53pZAB0dHjmILFX+OLud4=",
        "owner": "abseil",
        "repo": "abseil-cpp",
        "rev": "4447c7562e3bc702ade25105912dce503f0c4010",
        "type": "github"
      },
      "original": {
        "owner": "abseil",
        "ref": "20240722.0",
        "repo": "abseil-cpp",
        "type": "github"
      }
    },
    "asio-src": {
      "flake": false,
      "locked": {
        "lastModified": 1702548444,
        "narHash": "sha256-8Xo6J6+dTvDtsthjbLMMTInHMDnMMM0rQwzbZu70J/s=",
        "owner": "chriskohlhoff",
        "repo": "asio",
        "rev": "22ccfc94fc77356f7820601f9f33b9129a337d2d",
        "type": "github"
      },
      "original": {
        "owner": "chriskohlhoff",
        "ref": "asio-1-30-0",
        "repo": "asio",
        "type": "github"
      }
    },
    "cachynix": {
      "inputs": {
        "cachyos-kernel": "cachyos-kernel",
        "nixpkgs": "nixpkgs"
      },
      "locked": {
        "lastModified": 1778258020,
        "narHash": "sha256-Wl4z287lUhl1U0i+JT7sU+/UR/fBXJt+rn90y2DIKa0=",
        "owner": "ByteZ1337",
        "repo": "CachyNix",
        "rev": "f781afbf09c167ff777e2c518bbf55d049c12a8c",
        "type": "github"
      },
      "original": {
        "owner": "ByteZ1337",
        "repo": "CachyNix",
        "type": "github"
      }
    },
    "cachyos-kernel": {
      "flake": false,
      "locked": {
        "lastModified": 1778227630,
        "narHash": "sha256-IZIpCvjTLn6dzgFa6vOB6rUkMp3gktQy8suVXkPfvSg=",
        "owner": "CachyOS",
        "repo": "linux-cachyos",
        "rev": "24da68625ce48a4ea1b28996050f1229e7bc78a2",
        "type": "github"
      },
      "original": {
        "owner": "CachyOS",
        "repo": "linux-cachyos",
        "type": "github"
      }
    },
    "catppuccin": {
      "inputs": {
        "nixpkgs": "nixpkgs_2"
      },
      "locked": {
        "lastModified": 1778237125,
        "narHash": "sha256-xL2LCN6bdjYnSFnFZ3rmLENbvXh6prT2EN7Qq6pkSr8=",
        "owner": "catppuccin",
        "repo": "nix",
        "rev": "d1443237c8509305559880aca39d1581befec4d9",
        "type": "github"
      },
      "original": {
        "owner": "catppuccin",
        "repo": "nix",
        "type": "github"
      }
    },
    "curl-src": {
      "flake": false,
      "locked": {
        "lastModified": 1743572790,
        "narHash": "sha256-huAGWNm2rYBmgzUuYQ21IYp2skyQECelEkXPMBJY3cE=",
        "owner": "curl",
        "repo": "curl",
        "rev": "1c3149881769e7bd79b072e48374e4c2b3678b2f",
        "type": "github"
      },
      "original": {
        "owner": "curl",
        "ref": "curl-8_13_0",
        "repo": "curl",
        "type": "github"
      }
    },
    "fenix": {
      "inputs": {
        "nixpkgs": [
          "nirinit",
          "nixpkgs"
        ],
        "rust-analyzer-src": "rust-analyzer-src"
      },
      "locked": {
        "lastModified": 1771917501,
        "narHash": "sha256-pyjD5s19JzH/aw6OnjyxYddoQWD/F1ygj9bku9td+MI=",
        "owner": "nix-community",
        "repo": "fenix",
        "rev": "1d6ea44fd28bd5ad7cfd4bb39a7a225225484593",
        "type": "github"
      },
      "original": {
        "owner": "nix-community",
        "repo": "fenix",
        "type": "github"
      }
    },
    "flake-compat": {
      "flake": false,
      "locked": {
        "lastModified": 1751685974,
        "narHash": "sha256-NKw96t+BgHIYzHUjkTK95FqYRVKB8DHpVhefWSz/kTw=",
        "ref": "refs/heads/main",
        "rev": "549f2762aebeff29a2e5ece7a7dc0f955281a1d1",
        "revCount": 92,
        "type": "git",
        "url": "https://git.lix.systems/lix-project/flake-compat.git"
      },
      "original": {
        "type": "git",
        "url": "https://git.lix.systems/lix-project/flake-compat.git"
      }
    },
    "flake-parts": {
      "inputs": {
        "nixpkgs-lib": [
          "nur",
          "nixpkgs"
        ]
      },
      "locked": {
        "lastModified": 1733312601,
        "narHash": "sha256-4pDvzqnegAfRkPwO3wmwBhVi/Sye1mzps0zHWYnP88c=",
        "owner": "hercules-ci",
        "repo": "flake-parts",
        "rev": "205b12d8b7cd4802fbcb8e8ef6a0f1408781a4f9",
        "type": "github"
      },
      "original": {
        "owner": "hercules-ci",
        "repo": "flake-parts",
        "type": "github"
      }
    },
    "flake-parts_2": {
      "inputs": {
        "nixpkgs-lib": [
          "nvf",
          "nixpkgs"
        ]
      },
      "locked": {
        "lastModified": 1769996383,
        "narHash": "sha256-AnYjnFWgS49RlqX7LrC4uA+sCCDBj0Ry/WOJ5XWAsa0=",
        "owner": "hercules-ci",
        "repo": "flake-parts",
        "rev": "57928607ea566b5db3ad13af0e57e921e6b12381",
        "type": "github"
      },
      "original": {
        "owner": "hercules-ci",
        "repo": "flake-parts",
        "type": "github"
      }
    },
    "fmt-src": {
      "flake": false,
      "locked": {
        "lastModified": 1758127535,
        "narHash": "sha256-AZDmIeU1HbadC+K0TIAGogvVnxt0oE9U6ocpawIgl6g=",
        "owner": "fmtlib",
        "repo": "fmt",
        "rev": "e424e3f2e607da02742f73db84873b8084fc714c",
        "type": "github"
      },
      "original": {
        "owner": "fmtlib",
        "ref": "12.0.0",
        "repo": "fmt",
        "type": "github"
      }
    },
    "home-manager": {
      "inputs": {
        "nixpkgs": [
          "nixpkgs"
        ]
      },
      "locked": {
        "lastModified": 1778248595,
        "narHash": "sha256-dhFgEjoeJMYN/7OY6xfxS799YB4IjbbYXTjyGIJyLpc=",
        "owner": "nix-community",
        "repo": "home-manager",
        "rev": "fdb2ccba9d5e1238d32e0c4a3ec1a277efa80c1d",
        "type": "github"
      },
      "original": {
        "owner": "nix-community",
        "repo": "home-manager",
        "type": "github"
      }
    },
    "incbin-src": {
      "flake": false,
      "locked": {
        "lastModified": 1748303270,
        "narHash": "sha256-vgOfViZnWTKpBB6vDNDJSB3YuuGGVhg++zsi9Ubatno=",
        "owner": "graphitemaster",
        "repo": "incbin",
        "rev": "22061f51fe9f2f35f061f85c2b217b55dd75310d",
        "type": "github"
      },
      "original": {
        "owner": "graphitemaster",
        "repo": "incbin",
        "rev": "22061f51fe9f2f35f061f85c2b217b55dd75310d",
        "type": "github"
      }
    },
    "json-src": {
      "flake": false,
      "locked": {
        "lastModified": 1744360948,
        "narHash": "sha256-cECvDOLxgX7Q9R3IE86Hj9JJUxraDQvhoyPDF03B2CY=",
        "owner": "nlohmann",
        "repo": "json",
        "rev": "55f93686c01528224f448c19128836e7df245f72",
        "type": "github"
      },
      "original": {
        "owner": "nlohmann",
        "ref": "v3.12.0",
        "repo": "json",
        "type": "github"
      }
    },
    "libgit2-src": {
      "flake": false,
      "locked": {
        "lastModified": 1749227175,
        "narHash": "sha256-/xI3v7LNhpgfjv/m+sZwYDhhYvS6kQYxiiiG3+EF8Mw=",
        "owner": "libgit2",
        "repo": "libgit2",
        "rev": "0060d9cf5666f015b1067129bd874c6cc4c9c7ac",
        "type": "github"
      },
      "original": {
        "owner": "libgit2",
        "ref": "v1.9.1",
        "repo": "libgit2",
        "type": "github"
      }
    },
    "luajit-src": {
      "flake": false,
      "locked": {
        "lastModified": 1763177035,
        "narHash": "sha256-oYD86MqmlJpiCuEs4LwVtxvarPtz1RPWm8nJqNE0sBs=",
        "owner": "SteamClientHomebrew",
        "repo": "LuaJIT",
        "rev": "89550023569c3e195e75e12951c067fe5591e0d2",
        "type": "github"
      },
      "original": {
        "owner": "SteamClientHomebrew",
        "ref": "v2.1",
        "repo": "LuaJIT",
        "type": "github"
      }
    },
    "luajson-src": {
      "flake": false,
      "locked": {
        "lastModified": 1763065879,
        "narHash": "sha256-5Mdp4jp+rqz2ufkBa1gMfd8nep+Um+mBdr6+Ut6yz9I=",
        "owner": "SteamClientHomebrew",
        "repo": "LuaJSON",
        "rev": "0c1fabf07c42f3907287d1e4f729e0620c1fe6fd",
        "type": "github"
      },
      "original": {
        "owner": "SteamClientHomebrew",
        "repo": "LuaJSON",
        "rev": "0c1fabf07c42f3907287d1e4f729e0620c1fe6fd",
        "type": "github"
      }
    },
    "millennium": {
      "inputs": {
        "abseil-src": "abseil-src",
        "asio-src": "asio-src",
        "curl-src": "curl-src",
        "fmt-src": "fmt-src",
        "incbin-src": "incbin-src",
        "json-src": "json-src",
        "libgit2-src": "libgit2-src",
        "luajit-src": "luajit-src",
        "luajson-src": "luajson-src",
        "millennium-src": "millennium-src",
        "minhook-src": "minhook-src",
        "mini-src": "mini-src",
        "minizip-src": "minizip-src",
        "nixpkgs": "nixpkgs_3",
        "re2-src": "re2-src",
        "websocketpp-src": "websocketpp-src",
        "zlib-src": "zlib-src"
      },
      "locked": {
        "dir": "packages/nix",
        "lastModified": 1778009348,
        "narHash": "sha256-hIjlaMu6ildZqBMpxRVieHAGUjxsFSgWi24QMmpqM+Y=",
        "owner": "SteamClientHomebrew",
        "repo": "Millennium",
        "rev": "e2c66a276e579ee73c5151b01897bf63503aa12c",
        "type": "github"
      },
      "original": {
        "dir": "packages/nix",
        "owner": "SteamClientHomebrew",
        "repo": "Millennium",
        "type": "github"
      }
    },
    "millennium-src": {
      "flake": false,
      "locked": {
        "lastModified": 1777483535,
        "narHash": "sha256-eqbNqc+5PibHLI8xgOrizXOVLcpE52MhmUR4o40S3PY=",
        "owner": "SteamClientHomebrew",
        "repo": "Millennium",
        "rev": "defffd7b6f0cf4d5e53f5a892819966801475704",
        "type": "github"
      },
      "original": {
        "owner": "SteamClientHomebrew",
        "repo": "Millennium",
        "rev": "defffd7b6f0cf4d5e53f5a892819966801475704",
        "type": "github"
      }
    },
    "minhook-src": {
      "flake": false,
      "locked": {
        "lastModified": 1743163800,
        "narHash": "sha256-0eGFfg365bb4zic1WTHMvKHbxuhhGp72/clu8OklHXs=",
        "owner": "TsudaKageyu",
        "repo": "minhook",
        "rev": "c3fcafdc10146beb5919319d0683e44e3c30d537",
        "type": "github"
      },
      "original": {
        "owner": "TsudaKageyu",
        "ref": "v1.3.4",
        "repo": "minhook",
        "type": "github"
      }
    },
    "mini-src": {
      "flake": false,
      "locked": {
        "lastModified": 1743356736,
        "narHash": "sha256-zBFFOlECbie7+62fTGf+NP4gNmfv2Qddw3ys6xn7o9U=",
        "owner": "metayeti",
        "repo": "mINI",
        "rev": "52b66e987cb56171dc91d96115cdf094b6e4d7a0",
        "type": "github"
      },
      "original": {
        "owner": "metayeti",
        "ref": "0.9.18",
        "repo": "mINI",
        "type": "github"
      }
    },
    "minizip-src": {
      "flake": false,
      "locked": {
        "lastModified": 1746408966,
        "narHash": "sha256-I3CZwtfJMsZYQOMdGhooUN8vssnQj6rCzv8F+rne3vg=",
        "owner": "zlib-ng",
        "repo": "minizip-ng",
        "rev": "f3ed731e27a97e30dffe076ed5e0537daae5c1bd",
        "type": "github"
      },
      "original": {
        "owner": "zlib-ng",
        "ref": "4.0.10",
        "repo": "minizip-ng",
        "type": "github"
      }
    },
    "mnw": {
      "locked": {
        "lastModified": 1777828893,
        "narHash": "sha256-gVWVnmyNr74BVKfhMMZDWkhx2699dhmZ2g0W8TTHtkk=",
        "owner": "Gerg-L",
        "repo": "mnw",
        "rev": "c1c0b544bfabe6669b5a6a0383ccb475fe60258b",
        "type": "github"
      },
      "original": {
        "owner": "Gerg-L",
        "repo": "mnw",
        "type": "github"
      }
    },
    "ndg": {
      "inputs": {
        "nixpkgs": [
          "nvf",
          "nixpkgs"
        ]
      },
      "locked": {
        "lastModified": 1776882296,
        "narHash": "sha256-DWZozXwMsgvUqfVlL1mQ8dOxW7GJ/8CdyaDN+1niZRg=",
        "owner": "feel-co",
        "repo": "ndg",
        "rev": "ab7d78d4884b3a34968cf9fa3d16c0c1246d5c6e",
        "type": "github"
      },
      "original": {
        "owner": "feel-co",
        "ref": "refs/tags/v2.6.0",
        "repo": "ndg",
        "type": "github"
      }
    },
    "niri": {
      "inputs": {
        "niri-stable": "niri-stable",
        "niri-unstable": "niri-unstable",
        "nixpkgs": [
          "nixpkgs"
        ],
        "nixpkgs-stable": "nixpkgs-stable",
        "xwayland-satellite-stable": "xwayland-satellite-stable",
        "xwayland-satellite-unstable": "xwayland-satellite-unstable"
      },
      "locked": {
        "lastModified": 1772143054,
        "narHash": "sha256-kwoWPV+kLkT2cJkLKtjp4F1ytOvked4774yUXubiyJc=",
        "owner": "sodiboo",
        "repo": "niri-flake",
        "rev": "1094bdcd7c48b5ea1417aa8542c8113afd99377b",
        "type": "github"
      },
      "original": {
        "owner": "sodiboo",
        "ref": "very-refactor",
        "repo": "niri-flake",
        "type": "github"
      }
    },
    "niri-pkgs": {
      "inputs": {
        "niri-stable": "niri-stable_2",
        "niri-unstable": "niri-unstable_2",
        "nixpkgs": [
          "nixpkgs"
        ],
        "nixpkgs-stable": "nixpkgs-stable_2",
        "xwayland-satellite-stable": "xwayland-satellite-stable_2",
        "xwayland-satellite-unstable": "xwayland-satellite-unstable_2"
      },
      "locked": {
        "lastModified": 1778224717,
        "narHash": "sha256-lzpzFAinsI1YriR+iVDIDZVkps2oQw1LG2QvFcDVYCk=",
        "owner": "sodiboo",
        "repo": "niri-flake",
        "rev": "cb2fdda815a0c2c03f8a7fe7075c433d4ef37110",
        "type": "github"
      },
      "original": {
        "owner": "sodiboo",
        "repo": "niri-flake",
        "type": "github"
      }
    },
    "niri-stable": {
      "flake": false,
      "locked": {
        "lastModified": 1764399944,
        "narHash": "sha256-FC9eYtSmplgxllCX4/3hJq5J3sXWKLSc7at8ZUxycVw=",
        "owner": "YaLTeR",
        "repo": "niri",
        "rev": "b35bcae35b3f9665043c335e55ed5828af77db85",
        "type": "github"
      },
      "original": {
        "owner": "YaLTeR",
        "ref": "v25.11",
        "repo": "niri",
        "type": "github"
      }
    },
    "niri-stable_2": {
      "flake": false,
      "locked": {
        "lastModified": 1756556321,
        "narHash": "sha256-RLD89dfjN0RVO86C/Mot0T7aduCygPGaYbog566F0Qo=",
        "owner": "YaLTeR",
        "repo": "niri",
        "rev": "01be0e65f4eb91a9cd624ac0b76aaeab765c7294",
        "type": "github"
      },
      "original": {
        "owner": "YaLTeR",
        "ref": "v25.08",
        "repo": "niri",
        "type": "github"
      }
    },
    "niri-unstable": {
      "flake": false,
      "locked": {
        "lastModified": 1767598098,
        "narHash": "sha256-IyH3zaCT2JZ6fdY4vKlUz2RbDdxaryvSZWUVixKYrKM=",
        "owner": "YaLTeR",
        "repo": "niri",
        "rev": "b7eb8a635b7f75705808eaed85c016f02ae4fd2d",
        "type": "github"
      },
      "original": {
        "owner": "YaLTeR",
        "repo": "niri",
        "type": "github"
      }
    },
    "niri-unstable_2": {
      "flake": false,
      "locked": {
        "lastModified": 1778221858,
        "narHash": "sha256-+nZlx8MKCs973N9Bm0hNzFHjY+2lmBrBOQeTALeCRhI=",
        "owner": "YaLTeR",
        "repo": "niri",
        "rev": "0200670d9ee8cfbdb154e3e14d92b5ff61aedd59",
        "type": "github"
      },
      "original": {
        "owner": "YaLTeR",
        "repo": "niri",
        "type": "github"
      }
    },
    "nirinit": {
      "inputs": {
        "fenix": "fenix",
        "nixpkgs": [
          "nixpkgs"
        ]
      },
      "locked": {
        "lastModified": 1774415025,
        "narHash": "sha256-jpSYhiJNI5u/1CJ1RY+9BkSQtvishCfm5n+l9r7hdEk=",
        "owner": "amaanq",
        "repo": "nirinit",
        "rev": "0e43f61069f81bba1114475cae2e84aa0965a1a3",
        "type": "github"
      },
      "original": {
        "owner": "amaanq",
        "repo": "nirinit",
        "type": "github"
      }
    },
    "nixpkgs": {
      "locked": {
        "lastModified": 1777954456,
        "narHash": "sha256-hGdgeU2Nk87RAuZyYjyDjFL6LK7dAZN5RE9+hrDTkDU=",
        "owner": "nixos",
        "repo": "nixpkgs",
        "rev": "549bd84d6279f9852cae6225e372cc67fb91a4c1",
        "type": "github"
      },
      "original": {
        "owner": "nixos",
        "ref": "nixos-unstable",
        "repo": "nixpkgs",
        "type": "github"
      }
    },
    "nixpkgs-stable": {
      "locked": {
        "lastModified": 1767480499,
        "narHash": "sha256-8IQQUorUGiSmFaPnLSo2+T+rjHtiNWc+OAzeHck7N48=",
        "owner": "NixOS",
        "repo": "nixpkgs",
        "rev": "30a3c519afcf3f99e2c6df3b359aec5692054d92",
        "type": "github"
      },
      "original": {
        "owner": "NixOS",
        "ref": "nixos-25.11",
        "repo": "nixpkgs",
        "type": "github"
      }
    },
    "nixpkgs-stable_2": {
      "locked": {
        "lastModified": 1778003029,
        "narHash": "sha256-q/nkKLDtHIyLjZpKhWk3cSK5IYsFqtMd6UtXF3ddjgA=",
        "owner": "NixOS",
        "repo": "nixpkgs",
        "rev": "0c88e1f2bdb93d5999019e99cb0e61e1fe2af4c5",
        "type": "github"
      },
      "original": {
        "owner": "NixOS",
        "ref": "nixos-25.11",
        "repo": "nixpkgs",
        "type": "github"
      }
    },
    "nixpkgs_2": {
      "locked": {
        "lastModified": 1777954456,
        "narHash": "sha256-hGdgeU2Nk87RAuZyYjyDjFL6LK7dAZN5RE9+hrDTkDU=",
        "owner": "NixOS",
        "repo": "nixpkgs",
        "rev": "549bd84d6279f9852cae6225e372cc67fb91a4c1",
        "type": "github"
      },
      "original": {
        "owner": "NixOS",
        "ref": "nixos-unstable",
        "repo": "nixpkgs",
        "type": "github"
      }
    },
    "nixpkgs_3": {
      "locked": {
        "lastModified": 1770115704,
        "narHash": "sha256-KHFT9UWOF2yRPlAnSXQJh6uVcgNcWlFqqiAZ7OVlHNc=",
        "owner": "nixos",
        "repo": "nixpkgs",
        "rev": "e6eae2ee2110f3d31110d5c222cd395303343b08",
        "type": "github"
      },
      "original": {
        "owner": "nixos",
        "ref": "nixos-unstable",
        "repo": "nixpkgs",
        "type": "github"
      }
    },
    "nixpkgs_4": {
      "locked": {
        "lastModified": 1777954456,
        "narHash": "sha256-hGdgeU2Nk87RAuZyYjyDjFL6LK7dAZN5RE9+hrDTkDU=",
        "owner": "NixOS",
        "repo": "nixpkgs",
        "rev": "549bd84d6279f9852cae6225e372cc67fb91a4c1",
        "type": "github"
      },
      "original": {
        "owner": "NixOS",
        "ref": "nixos-unstable",
        "repo": "nixpkgs",
        "type": "github"
      }
    },
    "nixpkgs_5": {
      "locked": {
        "lastModified": 1777578337,
        "narHash": "sha256-fN6ynMvcdwPDB09LpWJNO5ogu+HFydrBWXJywoI/NNg=",
        "rev": "15f4ee454b1dce334612fa6843b3e05cf546efab",
        "type": "tarball",
        "url": "https://releases.nixos.org/nixos/unstable/nixos-26.05pre990025.15f4ee454b1d/nixexprs.tar.xz"
      },
      "original": {
        "type": "tarball",
        "url": "https://channels.nixos.org/nixos-unstable/nixexprs.tar.xz"
      }
    },
    "noctalia": {
      "inputs": {
        "nixpkgs": [
          "nixpkgs"
        ],
        "noctalia-qs": "noctalia-qs"
      },
      "locked": {
        "lastModified": 1778104114,
        "narHash": "sha256-+tbqLv7IW5Aem8kGF6cp4n3MtNBcwqmuGlMt6S1kQjs=",
        "owner": "noctalia-dev",
        "repo": "noctalia-shell",
        "rev": "eb2b53ddaa7564f5c93031cbe65cd5b6ef3c12a9",
        "type": "github"
      },
      "original": {
        "owner": "noctalia-dev",
        "repo": "noctalia-shell",
        "type": "github"
      }
    },
    "noctalia-qs": {
      "inputs": {
        "nixpkgs": [
          "noctalia",
          "nixpkgs"
        ],
        "systems": "systems",
        "treefmt-nix": "treefmt-nix"
      },
      "locked": {
        "lastModified": 1777773024,
        "narHash": "sha256-pLU+KB84A0Jei/vTD6pOS4Ovkmq3QDfPQHg1MlKsRqM=",
        "owner": "noctalia-dev",
        "repo": "noctalia-qs",
        "rev": "d3e26ccd9eecde9139be00caf5dc2d4260fb31ee",
        "type": "github"
      },
      "original": {
        "owner": "noctalia-dev",
        "repo": "noctalia-qs",
        "type": "github"
      }
    },
    "nur": {
      "inputs": {
        "flake-parts": "flake-parts",
        "nixpkgs": [
          "nixpkgs"
        ]
      },
      "locked": {
        "lastModified": 1778300985,
        "narHash": "sha256-shDr9gmZQc1Lglovj4cXVy3480SPzaP3P9DTzQV4t5k=",
        "owner": "nix-community",
        "repo": "NUR",
        "rev": "90a937b5653b7a09cc7220194e96055d46deb314",
        "type": "github"
      },
      "original": {
        "owner": "nix-community",
        "repo": "NUR",
        "type": "github"
      }
    },
    "nvf": {
      "inputs": {
        "flake-compat": "flake-compat",
        "flake-parts": "flake-parts_2",
        "mnw": "mnw",
        "ndg": "ndg",
        "nixpkgs": [
          "nixpkgs"
        ],
        "systems": "systems_2"
      },
      "locked": {
        "lastModified": 1778049651,
        "narHash": "sha256-EC5pBiLcP/EVmYWldJRNfkChCqF9rkeTnTs8t9Cs+ZY=",
        "owner": "notashelf",
        "repo": "nvf",
        "rev": "88dbbad1f44efe3d2c18903e2c7542452f7bdfd6",
        "type": "github"
      },
      "original": {
        "owner": "notashelf",
        "repo": "nvf",
        "type": "github"
      }
    },
    "re2-src": {
      "flake": false,
      "locked": {
        "lastModified": 1762353507,
        "narHash": "sha256-0J1HVk+eR7VN0ymucW9dNlT36j16XIfCzcs1EVyEIEU=",
        "owner": "google",
        "repo": "re2",
        "rev": "927f5d53caf8111721e734cf24724686bb745f55",
        "type": "github"
      },
      "original": {
        "owner": "google",
        "ref": "2025-11-05",
        "repo": "re2",
        "type": "github"
      }
    },
    "root": {
      "inputs": {
        "cachynix": "cachynix",
        "catppuccin": "catppuccin",
        "home-manager": "home-manager",
        "millennium": "millennium",
        "niri": "niri",
        "niri-pkgs": "niri-pkgs",
        "nirinit": "nirinit",
        "nixpkgs": "nixpkgs_4",
        "noctalia": "noctalia",
        "nur": "nur",
        "nvf": "nvf",
        "spicetify-nix": "spicetify-nix"
      }
    },
    "rust-analyzer-src": {
      "flake": false,
      "locked": {
        "lastModified": 1771830288,
        "narHash": "sha256-Key/V7kjPYdPFeAw6cPS9M//6hGb6l1pLJroy7aUcfU=",
        "owner": "rust-lang",
        "repo": "rust-analyzer",
        "rev": "05da4cf3c4dfb8aa3430343f41e73c4cfad46bd5",
        "type": "github"
      },
      "original": {
        "owner": "rust-lang",
        "ref": "nightly",
        "repo": "rust-analyzer",
        "type": "github"
      }
    },
    "spicetify-nix": {
      "inputs": {
        "nixpkgs": "nixpkgs_5",
        "systems": "systems_3"
      },
      "locked": {
        "lastModified": 1777789800,
        "narHash": "sha256-XHCvLGu/bEEZRzXVKFu1i+2YB102Nr00n8e7xrzsfVs=",
        "owner": "Gerg-L",
        "repo": "spicetify-nix",
        "rev": "d0e921cc48aab6137d203a3eab19601dc2bdc0c3",
        "type": "github"
      },
      "original": {
        "owner": "Gerg-L",
        "repo": "spicetify-nix",
        "type": "github"
      }
    },
    "systems": {
      "locked": {
        "lastModified": 1689347949,
        "narHash": "sha256-12tWmuL2zgBgZkdoB6qXZsgJEH9LR3oUgpaQq2RbI80=",
        "owner": "nix-systems",
        "repo": "default-linux",
        "rev": "31732fcf5e8fea42e59c2488ad31a0e651500f68",
        "type": "github"
      },
      "original": {
        "owner": "nix-systems",
        "repo": "default-linux",
        "type": "github"
      }
    },
    "systems_2": {
      "locked": {
        "lastModified": 1681028828,
        "narHash": "sha256-Vy1rq5AaRuLzOxct8nz4T6wlgyUR7zLU309k9mBC768=",
        "owner": "nix-systems",
        "repo": "default",
        "rev": "da67096a3b9bf56a91d16901293e51ba5b49a27e",
        "type": "github"
      },
      "original": {
        "owner": "nix-systems",
        "repo": "default",
        "type": "github"
      }
    },
    "systems_3": {
      "locked": {
        "lastModified": 1681028828,
        "narHash": "sha256-Vy1rq5AaRuLzOxct8nz4T6wlgyUR7zLU309k9mBC768=",
        "owner": "nix-systems",
        "repo": "default",
        "rev": "da67096a3b9bf56a91d16901293e51ba5b49a27e",
        "type": "github"
      },
      "original": {
        "owner": "nix-systems",
        "repo": "default",
        "type": "github"
      }
    },
    "treefmt-nix": {
      "inputs": {
        "nixpkgs": [
          "noctalia",
          "noctalia-qs",
          "nixpkgs"
        ]
      },
      "locked": {
        "lastModified": 1775636079,
        "narHash": "sha256-pc20NRoMdiar8oPQceQT47UUZMBTiMdUuWrYu2obUP0=",
        "owner": "numtide",
        "repo": "treefmt-nix",
        "rev": "790751ff7fd3801feeaf96d7dc416a8d581265ba",
        "type": "github"
      },
      "original": {
        "owner": "numtide",
        "repo": "treefmt-nix",
        "type": "github"
      }
    },
    "websocketpp-src": {
      "flake": false,
      "locked": {
        "lastModified": 1587320717,
        "narHash": "sha256-9fIwouthv2GcmBe/UPvV7Xn9P2o0Kmn2hCI4jCh0hPM=",
        "owner": "zaphoyd",
        "repo": "websocketpp",
        "rev": "56123c87598f8b1dd471be83ca841ceae07f95ba",
        "type": "github"
      },
      "original": {
        "owner": "zaphoyd",
        "ref": "0.8.2",
        "repo": "websocketpp",
        "type": "github"
      }
    },
    "xwayland-satellite-stable": {
      "flake": false,
      "locked": {
        "lastModified": 1755491097,
        "narHash": "sha256-m+9tUfsmBeF2Gn4HWa6vSITZ4Gz1eA1F5Kh62B0N4oE=",
        "owner": "Supreeeme",
        "repo": "xwayland-satellite",
        "rev": "388d291e82ffbc73be18169d39470f340707edaa",
        "type": "github"
      },
      "original": {
        "owner": "Supreeeme",
        "ref": "v0.7",
        "repo": "xwayland-satellite",
        "type": "github"
      }
    },
    "xwayland-satellite-stable_2": {
      "flake": false,
      "locked": {
        "lastModified": 1755491097,
        "narHash": "sha256-m+9tUfsmBeF2Gn4HWa6vSITZ4Gz1eA1F5Kh62B0N4oE=",
        "owner": "Supreeeme",
        "repo": "xwayland-satellite",
        "rev": "388d291e82ffbc73be18169d39470f340707edaa",
        "type": "github"
      },
      "original": {
        "owner": "Supreeeme",
        "ref": "v0.7",
        "repo": "xwayland-satellite",
        "type": "github"
      }
    },
    "xwayland-satellite-unstable": {
      "flake": false,
      "locked": {
        "lastModified": 1766429945,
        "narHash": "sha256-9Kv4gWagx/u4RfZJzBMAoagW9ava5waxd+XoTkzqF7E=",
        "owner": "Supreeeme",
        "repo": "xwayland-satellite",
        "rev": "0dde7ca1d3a8e8c5082533d76084e2aa02bef70e",
        "type": "github"
      },
      "original": {
        "owner": "Supreeeme",
        "repo": "xwayland-satellite",
        "type": "github"
      }
    },
    "xwayland-satellite-unstable_2": {
      "flake": false,
      "locked": {
        "lastModified": 1773622265,
        "narHash": "sha256-wToKwH7IgWdGLMSIWksEDs4eumR6UbbsuPQ42r0oTXQ=",
        "owner": "Supreeeme",
        "repo": "xwayland-satellite",
        "rev": "a879e5e0896a326adc79c474bf457b8b99011027",
        "type": "github"
      },
      "original": {
        "owner": "Supreeeme",
        "repo": "xwayland-satellite",
        "type": "github"
      }
    },
    "zlib-src": {
      "flake": false,
      "locked": {
        "lastModified": 1754565515,
        "narHash": "sha256-c2RYqHi3hj/ViBzJcYWoNib27GAbq/B1SJUfvG7CPG4=",
        "owner": "zlib-ng",
        "repo": "zlib-ng",
        "rev": "425439062b114a0f6cf625022c41d929c7e879f9",
        "type": "github"
      },
      "original": {
        "owner": "zlib-ng",
        "ref": "2.2.5",
        "repo": "zlib-ng",
        "type": "github"
      }
    }
  },
  "root": "root",
  "version": 7
}
